
Microsoft Visual Studio Solution File, Format Version 12.00
# Visual Studio Version 17
VisualStudioVersion = 17.11.35327.3
MinimumVisualStudioVersion = 10.0.40219.1
Project("{FAE04EC0-301F-11D3-BF4B-00C04F79EFBC}") = "P9_714230065", "P9_NPM\P9_714230065.csproj", "{162226B7-D0C2-4AF0-85DB-D1E4B23613E4}"
EndProject
Global
	GlobalSection(SolutionConfigurationPlatforms) = preSolution
		Debug|Any CPU = Debug|Any CPU
		Release|Any CPU = Release|Any CPU
	EndGlobalSection
	GlobalSection(ProjectConfigurationPlatforms) = postSolution
		{162226B7-D0C2-4AF0-85DB-D1E4B23613E4}.Debug|Any CPU.ActiveCfg = Debug|Any CPU
		{162226B7-D0C2-4AF0-85DB-D1E4B23613E4}.Debug|Any CPU.Build.0 = Debug|Any CPU
		{162226B7-D0C2-4AF0-85DB-D1E4B23613E4}.Release|Any CPU.ActiveCfg = Release|Any CPU
		{162226B7-D0C2-4AF0-85DB-D1E4B23613E4}.Release|Any CPU.Build.0 = Release|Any CPU
	EndGlobalSection
	GlobalSection(SolutionProperties) = preSolution
		HideSolutionNode = FALSE
	EndGlobalSection
	GlobalSection(ExtensibilityGlobals) = postSolution
		SolutionGuid = {20C39D42-5B58-4FD8-9A36-BF7CE756B751}
	EndGlobalSection
EndGlobal
