
Microsoft Visual Studio Solution File, Format Version 12.00
# Visual Studio Version 17
VisualStudioVersion = 17.11.35327.3
MinimumVisualStudioVersion = 10.0.40219.1
Project("{FAE04EC0-301F-11D3-BF4B-00C04F79EFBC}") = "P2_1_714230065", "P2_1_714230065\P2_1_714230065.csproj", "{4FEE188B-0179-43F8-910F-0015F073DBDD}"
EndProject
Global
	GlobalSection(SolutionConfigurationPlatforms) = preSolution
		Debug|Any CPU = Debug|Any CPU
		Release|Any CPU = Release|Any CPU
	EndGlobalSection
	GlobalSection(ProjectConfigurationPlatforms) = postSolution
		{4FEE188B-0179-43F8-910F-0015F073DBDD}.Debug|Any CPU.ActiveCfg = Debug|Any CPU
		{4FEE188B-0179-43F8-910F-0015F073DBDD}.Debug|Any CPU.Build.0 = Debug|Any CPU
		{4FEE188B-0179-43F8-910F-0015F073DBDD}.Release|Any CPU.ActiveCfg = Release|Any CPU
		{4FEE188B-0179-43F8-910F-0015F073DBDD}.Release|Any CPU.Build.0 = Release|Any CPU
	EndGlobalSection
	GlobalSection(SolutionProperties) = preSolution
		HideSolutionNode = FALSE
	EndGlobalSection
	GlobalSection(ExtensibilityGlobals) = postSolution
		SolutionGuid = {AF73F345-7183-4684-8512-2744E90804FB}
	EndGlobalSection
EndGlobal
